{
  "name": "pattern-collector-endpointsjs-use-extract",
  "version": "1.2.1",
  "lockfileVersion": 3,
  "requires": true,
  "packages": {
    "": {
      "name": "pattern-collector-endpointsjs-use-extract",
      "version": "1.2.1",
      "dependencies": {
        "pattern-collector-endpointsjs-use": "^1.2.1"
      }
    },
    "node_modules/pattern-collector": {
      "version": "1.3.8",
      "resolved": "https://registry.npmjs.org/pattern-collector/-/pattern-collector-1.3.8.tgz",
      "integrity": "sha512-U6sedpYgXr3dJBP1JhcvI+5GDRhwxqS66DizL2lUKcdXx43eRe2e1EZlfSJgoqUABsUxAG/hT6sg22qUCxqseQ=="
    },
    "node_modules/pattern-collector-endpointsjs-use": {
      "version": "1.2.1",
      "resolved": "https://registry.npmjs.org/pattern-collector-endpointsjs-use/-/pattern-collector-endpointsjs-use-1.2.1.tgz",
      "integrity": "sha512-QDhKQy+0FZcTTZ41BMMGdR11SK3TTzO0MkPD3P3teSyWSXZx+30pkRtWSxf6N6k5jteL1iCEuP15aBgZ2J+dSA==",
      "dependencies": {
        "pattern-collector": "^1.3.8"
      }
    }
  }
}
