{
  "name": "pattern-collector-routesjs-use-extract",
  "version": "1.5.1",
  "lockfileVersion": 3,
  "requires": true,
  "packages": {
    "": {
      "name": "pattern-collector-routesjs-use-extract",
      "version": "1.5.1",
      "dependencies": {
        "pattern-collector-routesjs-use": "^1.4.1"
      }
    },
    "node_modules/pattern-collector": {
      "version": "1.4.1",
      "resolved": "https://registry.npmjs.org/pattern-collector/-/pattern-collector-1.4.1.tgz",
      "integrity": "sha512-dgZ9FrlWdHIis+1SLsiIN3SAU3RXIrcP1qfAVd2xiEv8J1KQpdN08Gf1IPf2BRGlSsksYgnBNxxSOppk7MIE1w=="
    },
    "node_modules/pattern-collector-routesjs-use": {
      "version": "1.4.1",
      "resolved": "https://registry.npmjs.org/pattern-collector-routesjs-use/-/pattern-collector-routesjs-use-1.4.1.tgz",
      "integrity": "sha512-KC7eGJ/38WVnhhlzCQ3s/bRPPzI2bKK0KyY4RzEtJRhLL9Zj+yuZvkC6jscRyWAtE1ZTaYXrD8vUUK3Mxfn7lg==",
      "dependencies": {
        "pattern-collector": "^1.4.1"
      }
    }
  }
}
