{
  "name": "pattern-collector-routesjs-use-extract",
  "version": "1.5.10",
  "lockfileVersion": 3,
  "requires": true,
  "packages": {
    "": {
      "name": "pattern-collector-routesjs-use-extract",
      "version": "1.5.10",
      "dependencies": {
        "pattern-collector-routesjs-use": "^1.4.10"
      }
    },
    "node_modules/pattern-collector": {
      "version": "1.5.16",
      "resolved": "https://registry.npmjs.org/pattern-collector/-/pattern-collector-1.5.16.tgz",
      "integrity": "sha512-IvX52ePVKo3ADEsTTaNYV11tJTR7ZlHJsYA5mT2ZdUax3DHiCJEslW8++D5PAnceMR+hlSUVTCbjkkqtx3kC3g=="
    },
    "node_modules/pattern-collector-routesjs-use": {
      "version": "1.4.10",
      "resolved": "https://registry.npmjs.org/pattern-collector-routesjs-use/-/pattern-collector-routesjs-use-1.4.10.tgz",
      "integrity": "sha512-L3+YAEHGwGH0wGQZCe0j3GXS/jyLQujfiJGxAIGJ1ijuuOMSgRsPJBO/4gTHzYdq+Lhj3kqGF8iDNRx4vbDBbg==",
      "dependencies": {
        "pattern-collector": "^1.5.16"
      }
    }
  }
}
